
Microsoft Visual Studio Solution File, Format Version 12.00
# Visual Studio 15
VisualStudioVersion = 15.0.27130.2027
MinimumVisualStudioVersion = 10.0.40219.1
Project("{9A19103F-16F7-4668-BE54-9A1E7A4F7556}") = "REFLEKT.ONEAuthor.WebAPI", "src\REFLEKT.ONEAuthor.WebAPI\REFLEKT.ONEAuthor.WebAPI.csproj", "{A1E840F6-A5E7-4D25-8B36-295B67182577}"
EndProject
Project("{9A19103F-16F7-4668-BE54-9A1E7A4F7556}") = "REFLEKT.ONEAuthor.Application", "src\REFLEKT.ONEAuthor.Application\REFLEKT.ONEAuthor.Application.csproj", "{DCD2A2C0-51BE-4ABE-ABED-298A585D2E75}"
EndProject
Project("{930C7802-8A8C-48F9-8165-68863BCCD9DD}") = "REFLEKT.ONEAuthor.Setup", "setup\REFLEKT.ONEAuthor.Setup\REFLEKT.ONEAuthor.Setup.wixproj", "{4C964EA9-73DA-4B93-8AC7-5F0217F6B586}"
EndProject
Project("{2150E333-8FDC-42A3-9474-1A3956D46DE8}") = "Setup", "Setup", "{B26BAFBF-1182-46A5-A653-18491722F21A}"
EndProject
Global
	GlobalSection(SolutionConfigurationPlatforms) = preSolution
		Debug|Any CPU = Debug|Any CPU
		Debug|x86 = Debug|x86
		Release|Any CPU = Release|Any CPU
		Release|x86 = Release|x86
	EndGlobalSection
	GlobalSection(ProjectConfigurationPlatforms) = postSolution
		{A1E840F6-A5E7-4D25-8B36-295B67182577}.Debug|Any CPU.ActiveCfg = Debug|Any CPU
		{A1E840F6-A5E7-4D25-8B36-295B67182577}.Debug|Any CPU.Build.0 = Debug|Any CPU
		{A1E840F6-A5E7-4D25-8B36-295B67182577}.Debug|x86.ActiveCfg = Debug|Any CPU
		{A1E840F6-A5E7-4D25-8B36-295B67182577}.Debug|x86.Build.0 = Debug|Any CPU
		{A1E840F6-A5E7-4D25-8B36-295B67182577}.Release|Any CPU.ActiveCfg = Release|Any CPU
		{A1E840F6-A5E7-4D25-8B36-295B67182577}.Release|Any CPU.Build.0 = Release|Any CPU
		{A1E840F6-A5E7-4D25-8B36-295B67182577}.Release|x86.ActiveCfg = Release|Any CPU
		{A1E840F6-A5E7-4D25-8B36-295B67182577}.Release|x86.Build.0 = Release|Any CPU
		{DCD2A2C0-51BE-4ABE-ABED-298A585D2E75}.Debug|Any CPU.ActiveCfg = Debug|Any CPU
		{DCD2A2C0-51BE-4ABE-ABED-298A585D2E75}.Debug|Any CPU.Build.0 = Debug|Any CPU
		{DCD2A2C0-51BE-4ABE-ABED-298A585D2E75}.Debug|x86.ActiveCfg = Debug|Any CPU
		{DCD2A2C0-51BE-4ABE-ABED-298A585D2E75}.Debug|x86.Build.0 = Debug|Any CPU
		{DCD2A2C0-51BE-4ABE-ABED-298A585D2E75}.Release|Any CPU.ActiveCfg = Release|Any CPU
		{DCD2A2C0-51BE-4ABE-ABED-298A585D2E75}.Release|Any CPU.Build.0 = Release|Any CPU
		{DCD2A2C0-51BE-4ABE-ABED-298A585D2E75}.Release|x86.ActiveCfg = Release|Any CPU
		{DCD2A2C0-51BE-4ABE-ABED-298A585D2E75}.Release|x86.Build.0 = Release|Any CPU
		{4C964EA9-73DA-4B93-8AC7-5F0217F6B586}.Debug|Any CPU.ActiveCfg = Debug|x64
		{4C964EA9-73DA-4B93-8AC7-5F0217F6B586}.Debug|x86.ActiveCfg = Debug|x64
		{4C964EA9-73DA-4B93-8AC7-5F0217F6B586}.Release|Any CPU.ActiveCfg = Release|x64
		{4C964EA9-73DA-4B93-8AC7-5F0217F6B586}.Release|x86.ActiveCfg = Release|x64
	EndGlobalSection
	GlobalSection(SolutionProperties) = preSolution
		HideSolutionNode = FALSE
	EndGlobalSection
	GlobalSection(NestedProjects) = preSolution
		{4C964EA9-73DA-4B93-8AC7-5F0217F6B586} = {B26BAFBF-1182-46A5-A653-18491722F21A}
	EndGlobalSection
	GlobalSection(ExtensibilityGlobals) = postSolution
		SolutionGuid = {4C0CD9B3-640B-44DA-BDC2-E75320E56FBD}
	EndGlobalSection
EndGlobal
